
Microsoft Visual Studio Solution File, Format Version 12.00
# Visual Studio Version 16
VisualStudioVersion = 16.0.30128.74
MinimumVisualStudioVersion = 10.0.40219.1
Project("{FAE04EC0-301F-11D3-BF4B-00C04F79EFBC}") = "DAS.Web", "DAS.Web\DAS.Web.csproj", "{2D00904A-4E10-4FDD-B760-7A2A89823E79}"
EndProject
Project("{FAE04EC0-301F-11D3-BF4B-00C04F79EFBC}") = "DAS.Core", "DAS.Core\DAS.Core.csproj", "{8CC85C2C-AB53-47B8-8332-768E95A2EB9C}"
EndProject
Project("{FAE04EC0-301F-11D3-BF4B-00C04F79EFBC}") = "DAS.Infrastructure", "DAS.Infrastructure\DAS.Infrastructure.csproj", "{721FA7BB-9919-45AE-9B48-DD2ADFBC9E26}"
EndProject
Project("{FAE04EC0-301F-11D3-BF4B-00C04F79EFBC}") = "DAS.Domain", "DAS.Domain\DAS.Domain.csproj", "{636D86A0-CFB9-45FD-A8EC-39143B828EAF}"
EndProject
Project("{FAE04EC0-301F-11D3-BF4B-00C04F79EFBC}") = "DAS.Utility", "DAS.Utility\DAS.Utility.csproj", "{341784E3-BE70-4B00-AEBC-4F4F119E23CC}"
EndProject
Global
	GlobalSection(SolutionConfigurationPlatforms) = preSolution
		Debug|Any CPU = Debug|Any CPU
		Release|Any CPU = Release|Any CPU
	EndGlobalSection
	GlobalSection(ProjectConfigurationPlatforms) = postSolution
		{2D00904A-4E10-4FDD-B760-7A2A89823E79}.Debug|Any CPU.ActiveCfg = Debug|Any CPU
		{2D00904A-4E10-4FDD-B760-7A2A89823E79}.Debug|Any CPU.Build.0 = Debug|Any CPU
		{2D00904A-4E10-4FDD-B760-7A2A89823E79}.Release|Any CPU.ActiveCfg = Release|Any CPU
		{2D00904A-4E10-4FDD-B760-7A2A89823E79}.Release|Any CPU.Build.0 = Release|Any CPU
		{8CC85C2C-AB53-47B8-8332-768E95A2EB9C}.Debug|Any CPU.ActiveCfg = Debug|Any CPU
		{8CC85C2C-AB53-47B8-8332-768E95A2EB9C}.Debug|Any CPU.Build.0 = Debug|Any CPU
		{8CC85C2C-AB53-47B8-8332-768E95A2EB9C}.Release|Any CPU.ActiveCfg = Release|Any CPU
		{8CC85C2C-AB53-47B8-8332-768E95A2EB9C}.Release|Any CPU.Build.0 = Release|Any CPU
		{721FA7BB-9919-45AE-9B48-DD2ADFBC9E26}.Debug|Any CPU.ActiveCfg = Debug|Any CPU
		{721FA7BB-9919-45AE-9B48-DD2ADFBC9E26}.Debug|Any CPU.Build.0 = Debug|Any CPU
		{721FA7BB-9919-45AE-9B48-DD2ADFBC9E26}.Release|Any CPU.ActiveCfg = Release|Any CPU
		{721FA7BB-9919-45AE-9B48-DD2ADFBC9E26}.Release|Any CPU.Build.0 = Release|Any CPU
		{636D86A0-CFB9-45FD-A8EC-39143B828EAF}.Debug|Any CPU.ActiveCfg = Debug|Any CPU
		{636D86A0-CFB9-45FD-A8EC-39143B828EAF}.Debug|Any CPU.Build.0 = Debug|Any CPU
		{636D86A0-CFB9-45FD-A8EC-39143B828EAF}.Release|Any CPU.ActiveCfg = Release|Any CPU
		{636D86A0-CFB9-45FD-A8EC-39143B828EAF}.Release|Any CPU.Build.0 = Release|Any CPU
		{341784E3-BE70-4B00-AEBC-4F4F119E23CC}.Debug|Any CPU.ActiveCfg = Debug|Any CPU
		{341784E3-BE70-4B00-AEBC-4F4F119E23CC}.Debug|Any CPU.Build.0 = Debug|Any CPU
		{341784E3-BE70-4B00-AEBC-4F4F119E23CC}.Release|Any CPU.ActiveCfg = Release|Any CPU
		{341784E3-BE70-4B00-AEBC-4F4F119E23CC}.Release|Any CPU.Build.0 = Release|Any CPU
	EndGlobalSection
	GlobalSection(SolutionProperties) = preSolution
		HideSolutionNode = FALSE
	EndGlobalSection
	GlobalSection(ExtensibilityGlobals) = postSolution
		SolutionGuid = {E8E8DBD7-75FD-442C-9A59-2B2565475F31}
	EndGlobalSection
EndGlobal
